{
  "name": "readings-svc",
  "version": "1.0.0",
  "lockfileVersion": 3,
  "requires": true,
  "packages": {
    "": {
      "name": "readings-svc",
      "version": "1.0.0",
      "license": "BSD-2-Clause",
      "dependencies": {
        "@hebcal/core": "^6.9.2",
        "@hebcal/learning": "^6.9.8",
        "@hebcal/leyning": "^10.0.0",
        "@hebcal/locales": "^6.5.2",
        "@hebcal/rest-api": "^7.1.3",
        "@hebcal/triennial": "^6.3.2"
      },
      "devDependencies": {
        "oxlint": "^1.78.0"
      }
    },
    "node_modules/@hebcal/core": {
      "version": "6.9.2",
      "resolved": "https://registry.npmjs.org/@hebcal/core/-/core-6.9.2.tgz",
      "integrity": "sha512-6GNcu3dWPAcngSWC4SB9nZebl99l+x2fN+GFQOrll+CXg+VX9yuXjzv91c9/Q/RF5HaHQwy1GkKTbCvQPPWIbA==",
      "license": "GPL-2.0",
      "dependencies": {
        "@hebcal/hdate": "^0.22.7",
        "@hebcal/noaa": "^0.12.3",
        "quick-lru": "^7.3.0",
        "temporal-polyfill": "^1.0.3"
      },
      "engines": {
        "node": ">= 18"
      }
    },
    "node_modules/@hebcal/hdate": {
      "version": "0.22.8",
      "resolved": "https://registry.npmjs.org/@hebcal/hdate/-/hdate-0.22.8.tgz",
      "integrity": "sha512-kTGFm9zHbF2qz6/Pst3e8Zr7TWzVLcYCWQLKu1HacDJAocKXITEqMPYS0AJpO2V4YTD26EkWR2BgMYL44Dh39w==",
      "license": "GPL-2.0"
    },
    "node_modules/@hebcal/learning": {
      "version": "6.9.8",
      "resolved": "https://registry.npmjs.org/@hebcal/learning/-/learning-6.9.8.tgz",
      "integrity": "sha512-0BYLTslOX4Znxhn1+Ls9aYZNenXnIakVVtaMeuMcCx/wzdobguL4cutCqSAwySmbm0fXRawWXObZj3/lfJfrAg==",
      "license": "BSD-2-Clause",
      "dependencies": {
        "@hebcal/core": "^6.9.2",
        "@hebcal/hdate": "^0.22.7"
      },
      "engines": {
        "node": ">= 18.0.0"
      }
    },
    "node_modules/@hebcal/leyning": {
      "version": "10.0.0",
      "resolved": "https://registry.npmjs.org/@hebcal/leyning/-/leyning-10.0.0.tgz",
      "integrity": "sha512-B01Pw41i+RoVsVvXE4Twd+vFX+1A3HFvueYVG3U0TDAlUqBsDrF046Kc0OEN9eDSigHSfBnt3JTAL9oOJvM59w==",
      "license": "BSD-2-Clause",
      "dependencies": {
        "@hebcal/core": "^6.9.1",
        "@hebcal/hdate": "^0.22.7"
      },
      "engines": {
        "node": ">=18"
      }
    },
    "node_modules/@hebcal/locales": {
      "version": "6.5.2",
      "resolved": "https://registry.npmjs.org/@hebcal/locales/-/locales-6.5.2.tgz",
      "integrity": "sha512-XsYXmRExW3+U4w+xqvD51Xrh4ai8J6bmZPQFrwizBDUKnHqmJVUgyonxiERArYzXty+vNgUCzNk/oCHpDXLqUQ==",
      "license": "BSD-2-Clause",
      "dependencies": {
        "@hebcal/hdate": "^0.22.7"
      }
    },
    "node_modules/@hebcal/noaa": {
      "version": "0.12.3",
      "resolved": "https://registry.npmjs.org/@hebcal/noaa/-/noaa-0.12.3.tgz",
      "integrity": "sha512-CQId2yEpUPGl0EWVxditqkG2MvEd9uKibiQtrcEQux9UnTILTPM6mwyKMTygZmNBwJl1kXqvuPQCJm0NxqLykA==",
      "license": "LGPL-2.1",
      "dependencies": {
        "temporal-polyfill": "^1.0.3"
      },
      "engines": {
        "node": ">=18"
      }
    },
    "node_modules/@hebcal/rest-api": {
      "version": "7.1.3",
      "resolved": "https://registry.npmjs.org/@hebcal/rest-api/-/rest-api-7.1.3.tgz",
      "integrity": "sha512-v/lbJm9IF+D7RjBZbJmLf1gzGFWQryFuO2Ctb5GHJKf9q4OSZL+loN9Dc/fATZqji8hh+xJwzEZzv+bJJ+7sWw==",
      "license": "BSD-2-Clause",
      "dependencies": {
        "@hebcal/core": "^6.9.1",
        "@hebcal/hdate": "^0.22.7",
        "@hebcal/leyning": "^10.0.0"
      },
      "engines": {
        "node": ">= 18.0.0"
      }
    },
    "node_modules/@hebcal/triennial": {
      "version": "6.3.2",
      "resolved": "https://registry.npmjs.org/@hebcal/triennial/-/triennial-6.3.2.tgz",
      "integrity": "sha512-fFrssNtg10+FaT4Y9XNcaBg1lC9MTTlwPJ66j8Gjubz8jMDC2zHoOZD95tLBHoYTMDK5QxSnaLQSxjB5R8AKGA==",
      "license": "BSD-2-Clause",
      "dependencies": {
        "@hebcal/core": "^6.9.1",
        "@hebcal/hdate": "^0.22.7",
        "@hebcal/leyning": "^10.0.0",
        "quick-lru": "^7.3.0"
      },
      "engines": {
        "node": ">= 18.0.0"
      }
    },
    "node_modules/@oxlint/binding-android-arm-eabi": {
      "version": "1.78.0",
      "resolved": "https://registry.npmjs.org/@oxlint/binding-android-arm-eabi/-/binding-android-arm-eabi-1.78.0.tgz",
      "integrity": "sha512-Bu819lmAfZMUHErrpe0cEWj3iaefuUODHSU8+UbXy67V/r7/7f4K3FL0NmbD85E+wiFLDYuhP8Zlv0XnVeXshw==",
      "cpu": [
        "arm"
      ],
      "dev": true,
      "license": "MIT",
      "optional": true,
      "os": [
        "android"
      ],
      "engines": {
        "node": "^20.19.0 || >=22.12.0"
      }
    },
    "node_modules/@oxlint/binding-android-arm64": {
      "version": "1.78.0",
      "resolved": "https://registry.npmjs.org/@oxlint/binding-android-arm64/-/binding-android-arm64-1.78.0.tgz",
      "integrity": "sha512-CDfxZgB61B7buRdY2FJoAYYPPXCZ1EoC1LKscnC5dg3kjobdxiconvAvvN1BmHyW4PyFT3jRLDag/BY/roSNBQ==",
      "cpu": [
        "arm64"
      ],
      "dev": true,
      "license": "MIT",
      "optional": true,
      "os": [
        "android"
      ],
      "engines": {
        "node": "^20.19.0 || >=22.12.0"
      }
    },
    "node_modules/@oxlint/binding-darwin-arm64": {
      "version": "1.78.0",
      "resolved": "https://registry.npmjs.org/@oxlint/binding-darwin-arm64/-/binding-darwin-arm64-1.78.0.tgz",
      "integrity": "sha512-2Y2U9Ahrz+OO0Ej88f9SJYq51/jUBp1Mc7iZu0ukrbeeZ3gpRGfzIFnoqfHDY96xr0GEfNrPUBFEy0nN5aD7HA==",
      "cpu": [
        "arm64"
      ],
      "dev": true,
      "license": "MIT",
      "optional": true,
      "os": [
        "darwin"
      ],
      "engines": {
        "node": "^20.19.0 || >=22.12.0"
      }
    },
    "node_modules/@oxlint/binding-darwin-x64": {
      "version": "1.78.0",
      "resolved": "https://registry.npmjs.org/@oxlint/binding-darwin-x64/-/binding-darwin-x64-1.78.0.tgz",
      "integrity": "sha512-rpych6eJq6m9jDRypTEaPD1xysaEW5h9+xuxhGK/QhOg+/xaqPZrCrTNoIl/f3nEjuJeCEmstNDlrE9rJi/3/g==",
      "cpu": [
        "x64"
      ],
      "dev": true,
      "license": "MIT",
      "optional": true,
      "os": [
        "darwin"
      ],
      "engines": {
        "node": "^20.19.0 || >=22.12.0"
      }
    },
    "node_modules/@oxlint/binding-freebsd-x64": {
      "version": "1.78.0",
      "resolved": "https://registry.npmjs.org/@oxlint/binding-freebsd-x64/-/binding-freebsd-x64-1.78.0.tgz",
      "integrity": "sha512-IcMGrQT3QizkOESUJd5et+rOhVqSkNDfNik1cvrKDqIbzqx9KMtRswpFgkCuNTSwylCFLKhGUu8KmqY1ZnC0Dg==",
      "cpu": [
        "x64"
      ],
      "dev": true,
      "license": "MIT",
      "optional": true,
      "os": [
        "freebsd"
      ],
      "engines": {
        "node": "^20.19.0 || >=22.12.0"
      }
    },
    "node_modules/@oxlint/binding-linux-arm-gnueabihf": {
      "version": "1.78.0",
      "resolved": "https://registry.npmjs.org/@oxlint/binding-linux-arm-gnueabihf/-/binding-linux-arm-gnueabihf-1.78.0.tgz",
      "integrity": "sha512-/uLdoJ0IXE6vo/0f0LKjinQAp+re+VMaCWaNT8ENIv2EOCkSsc8SGaflXAuW0Jua2dq5+GLVWm1NQK7P3UFSNQ==",
      "cpu": [
        "arm"
      ],
      "dev": true,
      "license": "MIT",
      "optional": true,
      "os": [
        "linux"
      ],
      "engines": {
        "node": "^20.19.0 || >=22.12.0"
      }
    },
    "node_modules/@oxlint/binding-linux-arm-musleabihf": {
      "version": "1.78.0",
      "resolved": "https://registry.npmjs.org/@oxlint/binding-linux-arm-musleabihf/-/binding-linux-arm-musleabihf-1.78.0.tgz",
      "integrity": "sha512-7xi4Wb/O8NRJhLoUXmDJMUVpNYvB5kefdhFU1Jb8rtae4QoXlTiLwI14X4YvAXVZLNZChP8m5qO9SQAlWQTbkQ==",
      "cpu": [
        "arm"
      ],
      "dev": true,
      "license": "MIT",
      "optional": true,
      "os": [
        "linux"
      ],
      "engines": {
        "node": "^20.19.0 || >=22.12.0"
      }
    },
    "node_modules/@oxlint/binding-linux-arm64-gnu": {
      "version": "1.78.0",
      "resolved": "https://registry.npmjs.org/@oxlint/binding-linux-arm64-gnu/-/binding-linux-arm64-gnu-1.78.0.tgz",
      "integrity": "sha512-4hFW0+fVXa3OIh1Y4A5SPkmvI4wuuBSrCVKzOyE7PTjhc7yEqZ1pmvEEeS5Lj/MaqvegFxXyF33N+6jkehxdyg==",
      "cpu": [
        "arm64"
      ],
      "dev": true,
      "libc": [
        "glibc"
      ],
      "license": "MIT",
      "optional": true,
      "os": [
        "linux"
      ],
      "engines": {
        "node": "^20.19.0 || >=22.12.0"
      }
    },
    "node_modules/@oxlint/binding-linux-arm64-musl": {
      "version": "1.78.0",
      "resolved": "https://registry.npmjs.org/@oxlint/binding-linux-arm64-musl/-/binding-linux-arm64-musl-1.78.0.tgz",
      "integrity": "sha512-oC0mvsgBJjlMijSDEhx9KuvR9zYeHXceA9MjbuXB1F8NSR78Yj2unOBrstEvTVaq+pko+kuue6DajC00eqvTdg==",
      "cpu": [
        "arm64"
      ],
      "dev": true,
      "libc": [
        "musl"
      ],
      "license": "MIT",
      "optional": true,
      "os": [
        "linux"
      ],
      "engines": {
        "node": "^20.19.0 || >=22.12.0"
      }
    },
    "node_modules/@oxlint/binding-linux-ppc64-gnu": {
      "version": "1.78.0",
      "resolved": "https://registry.npmjs.org/@oxlint/binding-linux-ppc64-gnu/-/binding-linux-ppc64-gnu-1.78.0.tgz",
      "integrity": "sha512-XAllT5SUZS+ohjuZ3/5S0cwe0r7eboiuigeStCZ5DXRYx/2KVM2UvQXvAfyzXEimtQjAB7cDQ2YxDe2Zl2WNQQ==",
      "cpu": [
        "ppc64"
      ],
      "dev": true,
      "libc": [
        "glibc"
      ],
      "license": "MIT",
      "optional": true,
      "os": [
        "linux"
      ],
      "engines": {
        "node": "^20.19.0 || >=22.12.0"
      }
    },
    "node_modules/@oxlint/binding-linux-riscv64-gnu": {
      "version": "1.78.0",
      "resolved": "https://registry.npmjs.org/@oxlint/binding-linux-riscv64-gnu/-/binding-linux-riscv64-gnu-1.78.0.tgz",
      "integrity": "sha512-trucMER/0QtecoXvc1y/UVqE3kwJipDwrx4oHfj+nNm3dq2zjP44WT0CfHNDPM3G1DXIkx/gY6lAD21NSCZVhA==",
      "cpu": [
        "riscv64"
      ],
      "dev": true,
      "libc": [
        "glibc"
      ],
      "license": "MIT",
      "optional": true,
      "os": [
        "linux"
      ],
      "engines": {
        "node": "^20.19.0 || >=22.12.0"
      }
    },
    "node_modules/@oxlint/binding-linux-riscv64-musl": {
      "version": "1.78.0",
      "resolved": "https://registry.npmjs.org/@oxlint/binding-linux-riscv64-musl/-/binding-linux-riscv64-musl-1.78.0.tgz",
      "integrity": "sha512-cm3O4F/HQbdzOUX5mKHqG5KDL6E5w0pnlZ+fbBy2rmLryPOowkuLagFHTopQsEIpjcaZoPOrL+BmmAytAG9HFg==",
      "cpu": [
        "riscv64"
      ],
      "dev": true,
      "libc": [
        "musl"
      ],
      "license": "MIT",
      "optional": true,
      "os": [
        "linux"
      ],
      "engines": {
        "node": "^20.19.0 || >=22.12.0"
      }
    },
    "node_modules/@oxlint/binding-linux-s390x-gnu": {
      "version": "1.78.0",
      "resolved": "https://registry.npmjs.org/@oxlint/binding-linux-s390x-gnu/-/binding-linux-s390x-gnu-1.78.0.tgz",
      "integrity": "sha512-33wRf6HqGNsybJ3qX4cGaQN2ODPxNmc1rMa0mrTmx3eFq1VzOnvQooi9bIGVYakW8a/wmqVx1mgsUm8R2xfTiw==",
      "cpu": [
        "s390x"
      ],
      "dev": true,
      "libc": [
        "glibc"
      ],
      "license": "MIT",
      "optional": true,
      "os": [
        "linux"
      ],
      "engines": {
        "node": "^20.19.0 || >=22.12.0"
      }
    },
    "node_modules/@oxlint/binding-linux-x64-gnu": {
      "version": "1.78.0",
      "resolved": "https://registry.npmjs.org/@oxlint/binding-linux-x64-gnu/-/binding-linux-x64-gnu-1.78.0.tgz",
      "integrity": "sha512-rRdISSYegj6VganMZ9tjRjijowfHJ09IZU01i0toBAqr6n5LEtwHq2IeS4FjW2RoskOHlb6efB26H5izYb3GEQ==",
      "cpu": [
        "x64"
      ],
      "dev": true,
      "libc": [
        "glibc"
      ],
      "license": "MIT",
      "optional": true,
      "os": [
        "linux"
      ],
      "engines": {
        "node": "^20.19.0 || >=22.12.0"
      }
    },
    "node_modules/@oxlint/binding-linux-x64-musl": {
      "version": "1.78.0",
      "resolved": "https://registry.npmjs.org/@oxlint/binding-linux-x64-musl/-/binding-linux-x64-musl-1.78.0.tgz",
      "integrity": "sha512-GmsP4rW0xTL6u5CVdcDsaN5Fbc7hBc382Wmar1kttbnwSEviM+rSINKOMQ+UQ6iH+AGwC+8gaAiwu134Tgh6Lg==",
      "cpu": [
        "x64"
      ],
      "dev": true,
      "libc": [
        "musl"
      ],
      "license": "MIT",
      "optional": true,
      "os": [
        "linux"
      ],
      "engines": {
        "node": "^20.19.0 || >=22.12.0"
      }
    },
    "node_modules/@oxlint/binding-openharmony-arm64": {
      "version": "1.78.0",
      "resolved": "https://registry.npmjs.org/@oxlint/binding-openharmony-arm64/-/binding-openharmony-arm64-1.78.0.tgz",
      "integrity": "sha512-sy9yeYuADc8a+n4TLBayzMCZiHPW78DcIFVpOXTmdKHWQeM9xe5uzkqIIZmi326D5hY9XVwacipEB1p7tQjPAg==",
      "cpu": [
        "arm64"
      ],
      "dev": true,
      "license": "MIT",
      "optional": true,
      "os": [
        "openharmony"
      ],
      "engines": {
        "node": "^20.19.0 || >=22.12.0"
      }
    },
    "node_modules/@oxlint/binding-win32-arm64-msvc": {
      "version": "1.78.0",
      "resolved": "https://registry.npmjs.org/@oxlint/binding-win32-arm64-msvc/-/binding-win32-arm64-msvc-1.78.0.tgz",
      "integrity": "sha512-rjc2hF1KfMi8fZj1X/m3AmnHbdsF3rL0v6KQg0Uc880Yb2khjz+3U14sfdZ7jWTpRnN1m1NQa/TT7uU9lJWPrA==",
      "cpu": [
        "arm64"
      ],
      "dev": true,
      "license": "MIT",
      "optional": true,
      "os": [
        "win32"
      ],
      "engines": {
        "node": "^20.19.0 || >=22.12.0"
      }
    },
    "node_modules/@oxlint/binding-win32-ia32-msvc": {
      "version": "1.78.0",
      "resolved": "https://registry.npmjs.org/@oxlint/binding-win32-ia32-msvc/-/binding-win32-ia32-msvc-1.78.0.tgz",
      "integrity": "sha512-zcuXFVrEFHIafRfkCQT8w/Xe41o07ozl/vwHq7p94vB29xVzsB0sZGYORU1jhcYKv3Lr0J3HbJ2T4fHH5rWmvA==",
      "cpu": [
        "ia32"
      ],
      "dev": true,
      "license": "MIT",
      "optional": true,
      "os": [
        "win32"
      ],
      "engines": {
        "node": "^20.19.0 || >=22.12.0"
      }
    },
    "node_modules/@oxlint/binding-win32-x64-msvc": {
      "version": "1.78.0",
      "resolved": "https://registry.npmjs.org/@oxlint/binding-win32-x64-msvc/-/binding-win32-x64-msvc-1.78.0.tgz",
      "integrity": "sha512-Sb5ocmLSuYeOuXd+CFOToGKp/gjXUEWDnvIGwhnh8aq8wY4TMmEnKnvbogSW7RdMZv77JSARduS7/gv+khYEjA==",
      "cpu": [
        "x64"
      ],
      "dev": true,
      "license": "MIT",
      "optional": true,
      "os": [
        "win32"
      ],
      "engines": {
        "node": "^20.19.0 || >=22.12.0"
      }
    },
    "node_modules/oxlint": {
      "version": "1.78.0",
      "resolved": "https://registry.npmjs.org/oxlint/-/oxlint-1.78.0.tgz",
      "integrity": "sha512-QgQePuxIqKOzo1KSjG2EnITEeWvWnKAm77eq8nrMtf6AGoA+zyGc4PFYtDNJSD25g/ibOwfQ851hZ4/SPkMVoA==",
      "dev": true,
      "license": "MIT",
      "bin": {
        "oxlint": "bin/oxlint"
      },
      "engines": {
        "node": "^20.19.0 || >=22.12.0"
      },
      "funding": {
        "url": "https://github.com/sponsors/Boshen"
      },
      "optionalDependencies": {
        "@oxlint/binding-android-arm-eabi": "1.78.0",
        "@oxlint/binding-android-arm64": "1.78.0",
        "@oxlint/binding-darwin-arm64": "1.78.0",
        "@oxlint/binding-darwin-x64": "1.78.0",
        "@oxlint/binding-freebsd-x64": "1.78.0",
        "@oxlint/binding-linux-arm-gnueabihf": "1.78.0",
        "@oxlint/binding-linux-arm-musleabihf": "1.78.0",
        "@oxlint/binding-linux-arm64-gnu": "1.78.0",
        "@oxlint/binding-linux-arm64-musl": "1.78.0",
        "@oxlint/binding-linux-ppc64-gnu": "1.78.0",
        "@oxlint/binding-linux-riscv64-gnu": "1.78.0",
        "@oxlint/binding-linux-riscv64-musl": "1.78.0",
        "@oxlint/binding-linux-s390x-gnu": "1.78.0",
        "@oxlint/binding-linux-x64-gnu": "1.78.0",
        "@oxlint/binding-linux-x64-musl": "1.78.0",
        "@oxlint/binding-openharmony-arm64": "1.78.0",
        "@oxlint/binding-win32-arm64-msvc": "1.78.0",
        "@oxlint/binding-win32-ia32-msvc": "1.78.0",
        "@oxlint/binding-win32-x64-msvc": "1.78.0"
      },
      "peerDependencies": {
        "oxlint-tsgolint": ">=7.0.2001",
        "vite-plus": "*"
      },
      "peerDependenciesMeta": {
        "oxlint-tsgolint": {
          "optional": true
        },
        "vite-plus": {
          "optional": true
        }
      }
    },
    "node_modules/quick-lru": {
      "version": "7.3.0",
      "resolved": "https://registry.npmjs.org/quick-lru/-/quick-lru-7.3.0.tgz",
      "integrity": "sha512-k9lSsjl36EJdK7I06v7APZCbyGT2vMTsYSRX1Q2nbYmnkBqgUhRkAuzH08Ciotteu/PLJmIF2+tti7o3C/ts2g==",
      "license": "MIT",
      "engines": {
        "node": ">=18"
      },
      "funding": {
        "url": "https://github.com/sponsors/sindresorhus"
      }
    },
    "node_modules/temporal-polyfill": {
      "version": "1.0.4",
      "resolved": "https://registry.npmjs.org/temporal-polyfill/-/temporal-polyfill-1.0.4.tgz",
      "integrity": "sha512-MLEU0qOD2uXlz24oINNtdLZQl8RgmMxSnRtKEGZGGetTJjlRwQJjk+VsJ4EREaUoiaTb8NJOcUiKtoAiWn9EBg==",
      "license": "MIT",
      "dependencies": {
        "temporal-spec": "1.0.1",
        "temporal-utils": "1.0.2"
      }
    },
    "node_modules/temporal-spec": {
      "version": "1.0.1",
      "resolved": "https://registry.npmjs.org/temporal-spec/-/temporal-spec-1.0.1.tgz",
      "integrity": "sha512-wxVoanmDeavXie1vu2JaQ3WIc3JZnWAOYFBsJyATaVsXsycKYUflGsyBmrRSnoCpZJpwPyr38VpgSUlQ8CbFxg==",
      "license": "Apache-2.0"
    },
    "node_modules/temporal-utils": {
      "version": "1.0.2",
      "resolved": "https://registry.npmjs.org/temporal-utils/-/temporal-utils-1.0.2.tgz",
      "integrity": "sha512-1B8Dl4KzrOvsNUlpoWGno2VLQlxroLjDgc5NBjVC9ax9ymdo+ezfyvhyjEMx+IVfhINr6CIG2gcnlP95iRrybQ==",
      "license": "MIT"
    }
  }
}
